
Microsoft Visual Studio Solution File, Format Version 12.00
# Visual Studio 15
VisualStudioVersion = 15.0.27004.2006
MinimumVisualStudioVersion = 10.0.40219.1
Project("{888888A0-9F3D-457C-B088-3A5042F75D52}") = "PyRadioLoc", "PyRadioLoc\PyRadioLoc.pyproj", "{C380E5BA-2B6B-4F0A-8CEC-A621BBD63649}"
EndProject
Global
	GlobalSection(SolutionConfigurationPlatforms) = preSolution
		Debug|Any CPU = Debug|Any CPU
		Release|Any CPU = Release|Any CPU
	EndGlobalSection
	GlobalSection(ProjectConfigurationPlatforms) = postSolution
		{C380E5BA-2B6B-4F0A-8CEC-A621BBD63649}.Debug|Any CPU.ActiveCfg = Debug|Any CPU
		{C380E5BA-2B6B-4F0A-8CEC-A621BBD63649}.Release|Any CPU.ActiveCfg = Release|Any CPU
	EndGlobalSection
	GlobalSection(SolutionProperties) = preSolution
		HideSolutionNode = FALSE
	EndGlobalSection
	GlobalSection(ExtensibilityGlobals) = postSolution
		SolutionGuid = {1EE45CE2-96AD-49B3-BC8A-D2E0D3542620}
	EndGlobalSection
EndGlobal
